// !$*UTF8*$!
{
	archiveVersion = 1;
	classes = {
	};
	objectVersion = 46;
	objects = {

/* Begin PBXBuildFile section */
		1BEF086F1DBB249600279815 /* main.m in Sources */ = {isa = PBXBuildFile; fileRef = 1BEF086E1DBB249600279815 /* main.m */; };
		1BEF08721DBB249600279815 /* AppDelegate.m in Sources */ = {isa = PBXBuildFile; fileRef = 1BEF08711DBB249600279815 /* AppDelegate.m */; };
		1BEF08751DBB249600279815 /* ViewController.m in Sources */ = {isa = PBXBuildFile; fileRef = 1BEF08741DBB249600279815 /* ViewController.m */; };
		1BEF08781DBB249700279815 /* Main.storyboard in Resources */ = {isa = PBXBuildFile; fileRef = 1BEF08761DBB249700279815 /* Main.storyboard */; };
		1BEF087A1DBB249700279815 /* Assets.xcassets in Resources */ = {isa = PBXBuildFile; fileRef = 1BEF08791DBB249700279815 /* Assets.xcassets */; };
		1BEF087D1DBB249700279815 /* LaunchScreen.storyboard in Resources */ = {isa = PBXBuildFile; fileRef = 1BEF087B1DBB249700279815 /* LaunchScreen.storyboard */; };
/* End PBXBuildFile section */

/* Begin PBXFileReference section */
		1BEF086A1DBB249600279815 /* testDemo2.app */ = {isa = PBXFileReference; explicitFileType = wrapper.application; includeInIndex = 0; path = testDemo2.app; sourceTree = BUILT_PRODUCTS_DIR; };
		1BEF086E1DBB249600279815 /* main.m */ = {isa = PBXFileReference; lastKnownFileType = sourcecode.c.objc; path = main.m; sourceTree = "<group>"; };
		1BEF08701DBB249600279815 /* AppDelegate.h */ = {isa = PBXFileReference; lastKnownFileType = sourcecode.c.h; path = AppDelegate.h; sourceTree = "<group>"; };
		1BEF08711DBB249600279815 /* AppDelegate.m */ = {isa = PBXFileReference; lastKnownFileType = sourcecode.c.objc; path = AppDelegate.m; sourceTree = "<group>"; };
		1BEF08731DBB249600279815 /* ViewController.h */ = {isa = PBXFileReference; lastKnownFileType = sourcecode.c.h; path = ViewController.h; sourceTree = "<group>"; };
		1BEF08741DBB249600279815 /* ViewController.m */ = {isa = PBXFileReference; lastKnownFileType = sourcecode.c.objc; path = ViewController.m; sourceTree = "<group>"; };
		1BEF08771DBB249700279815 /* Base */ = {isa = PBXFileReference; lastKnownFileType = file.storyboard; name = Base; path = Base.lproj/Main.storyboard; sourceTree = "<group>"; };
		1BEF08791DBB249700279815 /* Assets.xcassets */ = {isa = PBXFileReference; lastKnownFileType = folder.assetcatalog; path = Assets.xcassets; sourceTree = "<group>"; };
		1BEF087C1DBB249700279815 /* Base */ = {isa = PBXFileReference; lastKnownFileType = file.storyboard; name = Base; path = Base.lproj/LaunchScreen.storyboard; sourceTree = "<group>"; };
		1BEF087E1DBB249700279815 /* Info.plist */ = {isa = PBXFileReference; lastKnownFileType = text.plist.xml; path = Info.plist; sourceTree = "<group>"; };
/* End PBXFileReference section */

/* Begin PBXFrameworksBuildPhase section */
		1BEF08671DBB249600279815 /* Frameworks */ = {
			isa = PBXFrameworksBuildPhase;
			buildActionMask = 2147483647;
			files = (
			);
			runOnlyForDeploymentPostprocessing = 0;
		};
/* End PBXFrameworksBuildPhase section */

/* Begin PBXGroup section */
		1BEF08611DBB249600279815 = {
			isa = PBXGroup;
			children = (
				1BEF086C1DBB249600279815 /* testDemo2 */,
				1BEF086B1DBB249600279815 /* Products */,
			);
			sourceTree = "<group>";
		};
		1BEF086B1DBB249600279815 /* Products */ = {
			isa = PBXGroup;
			children = (
				1BEF086A1DBB249600279815 /* testDemo2.app */,
			);
			name = Products;
			sourceTree = "<group>";
		};
		1BEF086C1DBB249600279815 /* testDemo2 */ = {
			isa = PBXGroup;
			children = (
				1BEF08701DBB249600279815 /* AppDelegate.h */,
				1BEF08711DBB249600279815 /* AppDelegate.m */,
				1BEF08731DBB249600279815 /* ViewController.h */,
				1BEF08741DBB249600279815 /* ViewController.m */,
				1BEF08761DBB249700279815 /* Main.storyboard */,
				1BEF08791DBB249700279815 /* Assets.xcassets */,
				1BEF087B1DBB249700279815 /* LaunchScreen.storyboard */,
				1BEF087E1DBB249700279815 /* Info.plist */,
				1BEF086D1DBB249600279815 /* Supporting Files */,
			);
			path = testDemo2;
			sourceTree = "<group>";
		};
		1BEF086D1DBB249600279815 /* Supporting Files */ = {
			isa = PBXGroup;
			children = (
				1BEF086E1DBB249600279815 /* main.m */,
			);
			name = "Supporting Files";
			sourceTree = "<group>";
		};
/* End PBXGroup section */

/* Begin PBXNativeTarget section */
		1BEF08691DBB249600279815 /* testDemo2 */ = {
			isa = PBXNativeTarget;
			buildConfigurationList = 1BEF08811DBB249700279815 /* Build configuration list for PBXNativeTarget "testDemo2" */;
			buildPhases = (
				1BEF08661DBB249600279815 /* Sources */,
				1BEF08671DBB249600279815 /* Frameworks */,
				1BEF08681DBB249600279815 /* Resources */,
			);
			buildRules = (
			);
			dependencies = (
			);
			name = testDemo2;
			productName = testDemo2;
			productReference = 1BEF086A1DBB249600279815 /* testDemo2.app */;
			productType = "com.apple.product-type.application";
		};
/* End PBXNativeTarget section */

/* Begin PBXProject section */
		1BEF08621DBB249600279815 /* Project object */ = {
			isa = PBXProject;
			attributes = {
				LastUpgradeCheck = 0720;
				ORGANIZATIONNAME = gao;
				TargetAttributes = {
					1BEF08691DBB249600279815 = {
						CreatedOnToolsVersion = 7.2;
						DevelopmentTeam = 6A37A7ADPE;
					};
				};
			};
			buildConfigurationList = 1BEF08651DBB249600279815 /* Build configuration list for PBXProject "testDemo2" */;
			compatibilityVersion = "Xcode 3.2";
			developmentRegion = English;
			hasScannedForEncodings = 0;
			knownRegions = (
				en,
				Base,
			);
			mainGroup = 1BEF08611DBB249600279815;
			productRefGroup = 1BEF086B1DBB249600279815 /* Products */;
			projectDirPath = "";
			projectRoot = "";
			targets = (
				1BEF08691DBB249600279815 /* testDemo2 */,
			);
		};
/* End PBXProject section */

/* Begin PBXResourcesBuildPhase section */
		1BEF08681DBB249600279815 /* Resources */ = {
			isa = PBXResourcesBuildPhase;
			buildActionMask = 2147483647;
			files = (
				1BEF087D1DBB249700279815 /* LaunchScreen.storyboard in Resources */,
				1BEF087A1DBB249700279815 /* Assets.xcassets in Resources */,
				1BEF08781DBB249700279815 /* Main.storyboard in Resources */,
			);
			runOnlyForDeploymentPostprocessing = 0;
		};
/* End PBXResourcesBuildPhase section */

/* Begin PBXSourcesBuildPhase section */
		1BEF08661DBB249600279815 /* Sources */ = {
			isa = PBXSourcesBuildPhase;
			buildActionMask = 2147483647;
			files = (
				1BEF08751DBB249600279815 /* ViewController.m in Sources */,
				1BEF08721DBB249600279815 /* AppDelegate.m in Sources */,
				1BEF086F1DBB249600279815 /* main.m in Sources */,
			);
			runOnlyForDeploymentPostprocessing = 0;
		};
/* End PBXSourcesBuildPhase section */

/* Begin PBXVariantGroup section */
		1BEF08761DBB249700279815 /* Main.storyboard */ = {
			isa = PBXVariantGroup;
			children = (
				1BEF08771DBB249700279815 /* Base */,
			);
			name = Main.storyboard;
			sourceTree = "<group>";
		};
		1BEF087B1DBB249700279815 /* LaunchScreen.storyboard */ = {
			isa = PBXVariantGroup;
			children = (
				1BEF087C1DBB249700279815 /* Base */,
			);
			name = LaunchScreen.storyboard;
			sourceTree = "<group>";
		};
/* End PBXVariantGroup section */

/* Begin XCBuildConfiguration section */
		1BEF087F1DBB249700279815 /* Debug */ = {
			isa = XCBuildConfiguration;
			buildSettings = {
				ALWAYS_SEARCH_USER_PATHS = NO;
				CLANG_CXX_LANGUAGE_STANDARD = "gnu++0x";
				CLANG_CXX_LIBRARY = "libc++";
				CLANG_ENABLE_MODULES = YES;
				CLANG_ENABLE_OBJC_ARC = YES;
				CLANG_WARN_BOOL_CONVERSION = YES;
				CLANG_WARN_CONSTANT_CONVERSION = YES;
				CLANG_WARN_DIRECT_OBJC_ISA_USAGE = YES_ERROR;
				CLANG_WARN_EMPTY_BODY = YES;
				CLANG_WARN_ENUM_CONVERSION = YES;
				CLANG_WARN_INT_CONVERSION = YES;
				CLANG_WARN_OBJC_ROOT_CLASS = YES_ERROR;
				CLANG_WARN_UNREACHABLE_CODE = YES;
				CLANG_WARN__DUPLICATE_METHOD_MATCH = YES;
				"CODE_SIGN_IDENTITY[sdk=iphoneos*]" = "iPhone Developer";
				COPY_PHASE_STRIP = NO;
				DEBUG_INFORMATION_FORMAT = dwarf;
				ENABLE_STRICT_OBJC_MSGSEND = YES;
				ENABLE_TESTABILITY = YES;
				GCC_C_LANGUAGE_STANDARD = gnu99;
				GCC_DYNAMIC_NO_PIC = NO;
				GCC_NO_COMMON_BLOCKS = YES;
				GCC_OPTIMIZATION_LEVEL = 0;
				GCC_PREPROCESSOR_DEFINITIONS = (
					"DEBUG=1",
					"$(inherited)",
				);
				GCC_WARN_64_TO_32_BIT_CONVERSION = YES;
				GCC_WARN_ABOUT_RETURN_TYPE = YES_ERROR;
				GCC_WARN_UNDECLARED_SELECTOR = YES;
				GCC_WARN_UNINITIALIZED_AUTOS = YES_AGGRESSIVE;
				GCC_WARN_UNUSED_FUNCTION = YES;
				GCC_WARN_UNUSED_VARIABLE = YES;
				IPHONEOS_DEPLOYMENT_TARGET = 9.2;
				MTL_ENABLE_DEBUG_INFO = YES;
				ONLY_ACTIVE_ARCH = YES;
				SDKROOT = iphoneos;
			};
			name = Debug;
		};
		1BEF08801DBB249700279815 /* Release */ = {
			isa = XCBuildConfiguration;
			buildSettings = {
				ALWAYS_SEARCH_USER_PATHS = NO;
				CLANG_CXX_LANGUAGE_STANDARD = "gnu++0x";
				CLANG_CXX_LIBRARY = "libc++";
				CLANG_ENABLE_MODULES = YES;
				CLANG_ENABLE_OBJC_ARC = YES;
				CLANG_WARN_BOOL_CONVERSION = YES;
				CLANG_WARN_CONSTANT_CONVERSION = YES;
				CLANG_WARN_DIRECT_OBJC_ISA_USAGE = YES_ERROR;
				CLANG_WARN_EMPTY_BODY = YES;
				CLANG_WARN_ENUM_CONVERSION = YES;
				CLANG_WARN_INT_CONVERSION = YES;
				CLANG_WARN_OBJC_ROOT_CLASS = YES_ERROR;
				CLANG_WARN_UNREACHABLE_CODE = YES;
				CLANG_WARN__DUPLICATE_METHOD_MATCH = YES;
				"CODE_SIGN_IDENTITY[sdk=iphoneos*]" = "iPhone Developer";
				COPY_PHASE_STRIP = NO;
				DEBUG_INFORMATION_FORMAT = "dwarf-with-dsym";
				ENABLE_NS_ASSERTIONS = NO;
				ENABLE_STRICT_OBJC_MSGSEND = YES;
				GCC_C_LANGUAGE_STANDARD = gnu99;
				GCC_NO_COMMON_BLOCKS = YES;
				GCC_WARN_64_TO_32_BIT_CONVERSION = YES;
				GCC_WARN_ABOUT_RETURN_TYPE = YES_ERROR;
				GCC_WARN_UNDECLARED_SELECTOR = YES;
				GCC_WARN_UNINITIALIZED_AUTOS = YES_AGGRESSIVE;
				GCC_WARN_UNUSED_FUNCTION = YES;
				GCC_WARN_UNUSED_VARIABLE = YES;
				IPHONEOS_DEPLOYMENT_TARGET = 9.2;
				MTL_ENABLE_DEBUG_INFO = NO;
				SDKROOT = iphoneos;
				VALIDATE_PRODUCT = YES;
			};
			name = Release;
		};
		1BEF08821DBB249700279815 /* Debug */ = {
			isa = XCBuildConfiguration;
			buildSettings = {
				ASSETCATALOG_COMPILER_APPICON_NAME = AppIcon;
				INFOPLIST_FILE = testDemo2/Info.plist;
				LD_RUNPATH_SEARCH_PATHS = "$(inherited) @executable_path/Frameworks";
				PRODUCT_BUNDLE_IDENTIFIER = com.yidahulian.testDemo2;
				PRODUCT_NAME = "$(TARGET_NAME)";
			};
			name = Debug;
		};
		1BEF08831DBB249700279815 /* Release */ = {
			isa = XCBuildConfiguration;
			buildSettings = {
				ASSETCATALOG_COMPILER_APPICON_NAME = AppIcon;
				INFOPLIST_FILE = testDemo2/Info.plist;
				LD_RUNPATH_SEARCH_PATHS = "$(inherited) @executable_path/Frameworks";
				PRODUCT_BUNDLE_IDENTIFIER = com.yidahulian.testDemo2;
				PRODUCT_NAME = "$(TARGET_NAME)";
			};
			name = Release;
		};
/* End XCBuildConfiguration section */

/* Begin XCConfigurationList section */
		1BEF08651DBB249600279815 /* Build configuration list for PBXProject "testDemo2" */ = {
			isa = XCConfigurationList;
			buildConfigurations = (
				1BEF087F1DBB249700279815 /* Debug */,
				1BEF08801DBB249700279815 /* Release */,
			);
			defaultConfigurationIsVisible = 0;
			defaultConfigurationName = Release;
		};
		1BEF08811DBB249700279815 /* Build configuration list for PBXNativeTarget "testDemo2" */ = {
			isa = XCConfigurationList;
			buildConfigurations = (
				1BEF08821DBB249700279815 /* Debug */,
				1BEF08831DBB249700279815 /* Release */,
			);
			defaultConfigurationIsVisible = 0;
		};
/* End XCConfigurationList section */
	};
	rootObject = 1BEF08621DBB249600279815 /* Project object */;
}
